
Microsoft Visual Studio Solution File, Format Version 12.00
# Visual Studio 15
VisualStudioVersion = 15.0.27703.2047
MinimumVisualStudioVersion = 10.0.40219.1
Project("{8BC9CEB8-8B4A-11D0-8D11-00A0C91BC942}") = "NeuralNetwork", "NeuralNetwork\NeuralNetwork.vcxproj", "{AA73E3BD-6A03-4984-9154-A708EAA83D93}"
EndProject
Global
	GlobalSection(SolutionConfigurationPlatforms) = preSolution
		Debug|x64 = Debug|x64
		Release|x64 = Release|x64
	EndGlobalSection
	GlobalSection(ProjectConfigurationPlatforms) = postSolution
		{AA73E3BD-6A03-4984-9154-A708EAA83D93}.Debug|x64.ActiveCfg = Debug|x64
		{AA73E3BD-6A03-4984-9154-A708EAA83D93}.Debug|x64.Build.0 = Debug|x64
		{AA73E3BD-6A03-4984-9154-A708EAA83D93}.Release|x64.ActiveCfg = Release|x64
		{AA73E3BD-6A03-4984-9154-A708EAA83D93}.Release|x64.Build.0 = Release|x64
	EndGlobalSection
	GlobalSection(SolutionProperties) = preSolution
		HideSolutionNode = FALSE
	EndGlobalSection
	GlobalSection(ExtensibilityGlobals) = postSolution
		SolutionGuid = {F36DCB87-91F8-473F-BE15-2C893463B71A}
	EndGlobalSection
EndGlobal
