<?xml version="1.0" encoding="utf-8"?>
<Project ToolsVersion="4.0" xmlns="http://schemas.microsoft.com/developer/msbuild/2003">
  <ItemGroup>
    <CudaCompile Include="kernel.cu" />
    <CudaCompile Include="main.cpp" />
  </ItemGroup>
  <ItemGroup>
    <ClCompile Include="bmp.cpp" />
    <ClCompile Include="ann\neuralnet.cpp" />
  </ItemGroup>
  <ItemGroup>
    <ClInclude Include="kernel.h" />
    <ClInclude Include="bmp.h" />
    <ClInclude Include="ann\neuralnet.h" />
    <ClInclude Include="utils\rng.h" />
  </ItemGroup>
</Project>